
Microsoft Visual Studio Solution File, Format Version 12.00
# Visual Studio Version 16
VisualStudioVersion = 16.0.31729.503
MinimumVisualStudioVersion = 10.0.40219.1
Project("{FAE04EC0-301F-11D3-BF4B-00C04F79EFBC}") = "XMLToExcel", "XMLToExcel.csproj", "{CBA25078-BB99-4C47-B7E4-D40DE287626E}"
EndProject
Global
	GlobalSection(SolutionConfigurationPlatforms) = preSolution
		Debug|Any CPU = Debug|Any CPU
		Release|Any CPU = Release|Any CPU
	EndGlobalSection
	GlobalSection(ProjectConfigurationPlatforms) = postSolution
		{CBA25078-BB99-4C47-B7E4-D40DE287626E}.Debug|Any CPU.ActiveCfg = Debug|Any CPU
		{CBA25078-BB99-4C47-B7E4-D40DE287626E}.Debug|Any CPU.Build.0 = Debug|Any CPU
		{CBA25078-BB99-4C47-B7E4-D40DE287626E}.Release|Any CPU.ActiveCfg = Release|Any CPU
		{CBA25078-BB99-4C47-B7E4-D40DE287626E}.Release|Any CPU.Build.0 = Release|Any CPU
	EndGlobalSection
	GlobalSection(SolutionProperties) = preSolution
		HideSolutionNode = FALSE
	EndGlobalSection
	GlobalSection(ExtensibilityGlobals) = postSolution
		SolutionGuid = {9F3A261A-02CE-44D2-BBF6-31D479882A8B}
	EndGlobalSection
EndGlobal
